
Microsoft Visual Studio Solution File, Format Version 12.00
# Visual Studio Version 17
VisualStudioVersion = 17.14.36414.22 d17.14
MinimumVisualStudioVersion = 10.0.40219.1
Project("{FAE04EC0-301F-11D3-BF4B-00C04F79EFBC}") = "AymanStore.PL", "AymanStore.PL\AymanStore.PL.csproj", "{684239AA-B30E-4E5C-A889-57C870209038}"
EndProject
Project("{FAE04EC0-301F-11D3-BF4B-00C04F79EFBC}") = "AymanStore.BLL", "AymanStore.BLL\AymanStore.BLL.csproj", "{EA963348-2421-4209-9364-947207F4F98B}"
EndProject
Project("{FAE04EC0-301F-11D3-BF4B-00C04F79EFBC}") = "AymanStore.DAL", "AymanStore.DAL\AymanStore.DAL.csproj", "{C7D91BF3-17F6-41E7-96F9-D50EBB3D6342}"
EndProject
Global
	GlobalSection(SolutionConfigurationPlatforms) = preSolution
		Debug|Any CPU = Debug|Any CPU
		Release|Any CPU = Release|Any CPU
	EndGlobalSection
	GlobalSection(ProjectConfigurationPlatforms) = postSolution
		{684239AA-B30E-4E5C-A889-57C870209038}.Debug|Any CPU.ActiveCfg = Debug|Any CPU
		{684239AA-B30E-4E5C-A889-57C870209038}.Debug|Any CPU.Build.0 = Debug|Any CPU
		{684239AA-B30E-4E5C-A889-57C870209038}.Release|Any CPU.ActiveCfg = Release|Any CPU
		{684239AA-B30E-4E5C-A889-57C870209038}.Release|Any CPU.Build.0 = Release|Any CPU
		{EA963348-2421-4209-9364-947207F4F98B}.Debug|Any CPU.ActiveCfg = Debug|Any CPU
		{EA963348-2421-4209-9364-947207F4F98B}.Debug|Any CPU.Build.0 = Debug|Any CPU
		{EA963348-2421-4209-9364-947207F4F98B}.Release|Any CPU.ActiveCfg = Release|Any CPU
		{EA963348-2421-4209-9364-947207F4F98B}.Release|Any CPU.Build.0 = Release|Any CPU
		{C7D91BF3-17F6-41E7-96F9-D50EBB3D6342}.Debug|Any CPU.ActiveCfg = Debug|Any CPU
		{C7D91BF3-17F6-41E7-96F9-D50EBB3D6342}.Debug|Any CPU.Build.0 = Debug|Any CPU
		{C7D91BF3-17F6-41E7-96F9-D50EBB3D6342}.Release|Any CPU.ActiveCfg = Release|Any CPU
		{C7D91BF3-17F6-41E7-96F9-D50EBB3D6342}.Release|Any CPU.Build.0 = Release|Any CPU
	EndGlobalSection
	GlobalSection(SolutionProperties) = preSolution
		HideSolutionNode = FALSE
	EndGlobalSection
	GlobalSection(ExtensibilityGlobals) = postSolution
		SolutionGuid = {0F8B3615-6BC5-4EE5-B6BD-427B10D5D27E}
	EndGlobalSection
EndGlobal
